
Microsoft Visual Studio Solution File, Format Version 12.00
# Visual Studio Version 16
VisualStudioVersion = 16.0.32510.428
MinimumVisualStudioVersion = 10.0.40219.1
Project("{2150E333-8FDC-42A3-9474-1A3956D46DE8}") = "Tests", "Tests", "{C94ABBDC-5A93-4209-9339-C1F0CE4E5679}"
EndProject
Project("{FAE04EC0-301F-11D3-BF4B-00C04F79EFBC}") = "JournalConsole", "JournalConsole\JournalConsole.csproj", "{1D6CF404-C255-4A95-9344-D96519EF8F1F}"
EndProject
Project("{FAE04EC0-301F-11D3-BF4B-00C04F79EFBC}") = "JournalApp", "JournalApp\JournalApp.csproj", "{7FCBE232-18A6-4AFB-B5BE-C57186F2115A}"
EndProject
Global
	GlobalSection(SolutionConfigurationPlatforms) = preSolution
		Debug|Any CPU = Debug|Any CPU
		Release|Any CPU = Release|Any CPU
	EndGlobalSection
	GlobalSection(ProjectConfigurationPlatforms) = postSolution
		{1D6CF404-C255-4A95-9344-D96519EF8F1F}.Debug|Any CPU.ActiveCfg = Debug|Any CPU
		{1D6CF404-C255-4A95-9344-D96519EF8F1F}.Debug|Any CPU.Build.0 = Debug|Any CPU
		{1D6CF404-C255-4A95-9344-D96519EF8F1F}.Release|Any CPU.ActiveCfg = Release|Any CPU
		{1D6CF404-C255-4A95-9344-D96519EF8F1F}.Release|Any CPU.Build.0 = Release|Any CPU
		{7FCBE232-18A6-4AFB-B5BE-C57186F2115A}.Debug|Any CPU.ActiveCfg = Debug|Any CPU
		{7FCBE232-18A6-4AFB-B5BE-C57186F2115A}.Debug|Any CPU.Build.0 = Debug|Any CPU
		{7FCBE232-18A6-4AFB-B5BE-C57186F2115A}.Release|Any CPU.ActiveCfg = Release|Any CPU
		{7FCBE232-18A6-4AFB-B5BE-C57186F2115A}.Release|Any CPU.Build.0 = Release|Any CPU
	EndGlobalSection
	GlobalSection(SolutionProperties) = preSolution
		HideSolutionNode = FALSE
	EndGlobalSection
	GlobalSection(NestedProjects) = preSolution
		{1D6CF404-C255-4A95-9344-D96519EF8F1F} = {C94ABBDC-5A93-4209-9339-C1F0CE4E5679}
	EndGlobalSection
	GlobalSection(ExtensibilityGlobals) = postSolution
		SolutionGuid = {6C282B48-1E20-4800-83BC-190CD162A0D6}
	EndGlobalSection
EndGlobal
